
Microsoft Visual Studio Solution File, Format Version 12.00
# Visual Studio Version 17
VisualStudioVersion = 17.2.32516.85
MinimumVisualStudioVersion = 10.0.40219.1
Project("{9A19103F-16F7-4668-BE54-9A1E7A4F7556}") = "IsolationLevels.Runner", "IsolationLevels.Runner\IsolationLevels.Runner.csproj", "{4BB8290D-15F4-4D82-8D1B-1A4CE9B555B9}"
EndProject
Project("{FAE04EC0-301F-11D3-BF4B-00C04F79EFBC}") = "IsolationLevels.Migrations", "IsolationLevels.Migrations\IsolationLevels.Migrations.csproj", "{6A02FA5B-A68E-4DAA-A936-7A27CC2C47BB}"
EndProject
Project("{FAE04EC0-301F-11D3-BF4B-00C04F79EFBC}") = "IsolationLevels.Tests", "IsolationLevels.Tests\IsolationLevels.Tests.csproj", "{36668183-4FE8-4855-89F3-5FFE888EBC70}"
EndProject
Global
	GlobalSection(SolutionConfigurationPlatforms) = preSolution
		Debug|Any CPU = Debug|Any CPU
		Release|Any CPU = Release|Any CPU
	EndGlobalSection
	GlobalSection(ProjectConfigurationPlatforms) = postSolution
		{4BB8290D-15F4-4D82-8D1B-1A4CE9B555B9}.Debug|Any CPU.ActiveCfg = Debug|Any CPU
		{4BB8290D-15F4-4D82-8D1B-1A4CE9B555B9}.Debug|Any CPU.Build.0 = Debug|Any CPU
		{4BB8290D-15F4-4D82-8D1B-1A4CE9B555B9}.Release|Any CPU.ActiveCfg = Release|Any CPU
		{4BB8290D-15F4-4D82-8D1B-1A4CE9B555B9}.Release|Any CPU.Build.0 = Release|Any CPU
		{6A02FA5B-A68E-4DAA-A936-7A27CC2C47BB}.Debug|Any CPU.ActiveCfg = Debug|Any CPU
		{6A02FA5B-A68E-4DAA-A936-7A27CC2C47BB}.Debug|Any CPU.Build.0 = Debug|Any CPU
		{6A02FA5B-A68E-4DAA-A936-7A27CC2C47BB}.Release|Any CPU.ActiveCfg = Release|Any CPU
		{6A02FA5B-A68E-4DAA-A936-7A27CC2C47BB}.Release|Any CPU.Build.0 = Release|Any CPU
		{36668183-4FE8-4855-89F3-5FFE888EBC70}.Debug|Any CPU.ActiveCfg = Debug|Any CPU
		{36668183-4FE8-4855-89F3-5FFE888EBC70}.Debug|Any CPU.Build.0 = Debug|Any CPU
		{36668183-4FE8-4855-89F3-5FFE888EBC70}.Release|Any CPU.ActiveCfg = Release|Any CPU
		{36668183-4FE8-4855-89F3-5FFE888EBC70}.Release|Any CPU.Build.0 = Release|Any CPU
	EndGlobalSection
	GlobalSection(SolutionProperties) = preSolution
		HideSolutionNode = FALSE
	EndGlobalSection
	GlobalSection(ExtensibilityGlobals) = postSolution
		SolutionGuid = {D92B0E5D-BF20-48E7-A60F-7DC70DB8F6C6}
	EndGlobalSection
EndGlobal
